{
  "version": 4,
  "terraform_version": "1.5.4",
  "serial": 13,
  "lineage": "613f886a-5b5d-b994-26fa-686f9bbd0f25",
  "outputs": {
    "ec2_global_ips": {
      "value": [
        ""
      ],
      "type": [
        "tuple",
        [
          "string"
        ]
      ]
    }
  },
  "resources": [
    {
      "mode": "managed",
      "type": "aws_eip",
      "name": "test_demo",
      "provider": "provider[\"registry.terraform.io/hashicorp/aws\"]",
      "instances": [
        {
          "schema_version": 0,
          "attributes": {
            "address": null,
            "allocation_id": "eipalloc-06450698e1595a529",
            "associate_with_private_ip": null,
            "association_id": "eipassoc-07073cf9a98fe2e5e",
            "carrier_ip": "",
            "customer_owned_ip": "",
            "customer_owned_ipv4_pool": "",
            "domain": "vpc",
            "id": "eipalloc-06450698e1595a529",
            "instance": "i-077b800a280996058",
            "network_border_group": "ap-northeast-1",
            "network_interface": "eni-04a271df3d9495bb0",
            "private_dns": "ip-10-0-0-120.ap-northeast-1.compute.internal",
            "private_ip": "10.0.0.120",
            "public_dns": "ec2-35-74-32-103.ap-northeast-1.compute.amazonaws.com",
            "public_ip": "35.74.32.103",
            "public_ipv4_pool": "amazon",
            "tags": null,
            "tags_all": {},
            "timeouts": null,
            "vpc": true
          },
          "sensitive_attributes": [],
          "private": "eyJlMmJmYjczMC1lY2FhLTExZTYtOGY4OC0zNDM2M2JjN2M0YzAiOnsiZGVsZXRlIjoxODAwMDAwMDAwMDAsInJlYWQiOjkwMDAwMDAwMDAwMCwidXBkYXRlIjozMDAwMDAwMDAwMDB9fQ==",
          "dependencies": [
            "aws_instance.test_demo",
            "aws_security_group.test_demo",
            "aws_subnet.test_demo",
            "aws_vpc.test_demo"
          ]
        }
      ]
    },
    {
      "mode": "managed",
      "type": "aws_instance",
      "name": "test_demo",
      "provider": "provider[\"registry.terraform.io/hashicorp/aws\"]",
      "instances": [
        {
          "schema_version": 1,
          "attributes": {
            "ami": "ami-03dceaabddff8067e",
            "arn": "arn:aws:ec2:ap-northeast-1:075140246822:instance/i-077b800a280996058",
            "associate_public_ip_address": false,
            "availability_zone": "ap-northeast-1a",
            "capacity_reservation_specification": [
              {
                "capacity_reservation_preference": "open",
                "capacity_reservation_target": []
              }
            ],
            "cpu_core_count": 1,
            "cpu_options": [
              {
                "amd_sev_snp": "",
                "core_count": 1,
                "threads_per_core": 1
              }
            ],
            "cpu_threads_per_core": 1,
            "credit_specification": [
              {
                "cpu_credits": "standard"
              }
            ],
            "disable_api_stop": false,
            "disable_api_termination": false,
            "ebs_block_device": [],
            "ebs_optimized": false,
            "enclave_options": [
              {
                "enabled": false
              }
            ],
            "ephemeral_block_device": [],
            "get_password_data": false,
            "hibernation": false,
            "host_id": "",
            "host_resource_group_arn": null,
            "iam_instance_profile": "",
            "id": "i-077b800a280996058",
            "instance_initiated_shutdown_behavior": "stop",
            "instance_lifecycle": "",
            "instance_market_options": [],
            "instance_state": "running",
            "instance_type": "t2.micro",
            "ipv6_address_count": 0,
            "ipv6_addresses": [],
            "key_name": "test-demo",
            "launch_template": [],
            "maintenance_options": [
              {
                "auto_recovery": "default"
              }
            ],
            "metadata_options": [
              {
                "http_endpoint": "enabled",
                "http_put_response_hop_limit": 2,
                "http_tokens": "required",
                "instance_metadata_tags": "disabled"
              }
            ],
            "monitoring": false,
            "network_interface": [],
            "outpost_arn": "",
            "password_data": "",
            "placement_group": "",
            "placement_partition_number": 0,
            "primary_network_interface_id": "eni-04a271df3d9495bb0",
            "private_dns": "ip-10-0-0-120.ap-northeast-1.compute.internal",
            "private_dns_name_options": [
              {
                "enable_resource_name_dns_a_record": false,
                "enable_resource_name_dns_aaaa_record": false,
                "hostname_type": "ip-name"
              }
            ],
            "private_ip": "10.0.0.120",
            "public_dns": "",
            "public_ip": "",
            "root_block_device": [
              {
                "delete_on_termination": true,
                "device_name": "/dev/xvda",
                "encrypted": false,
                "iops": 3000,
                "kms_key_id": "",
                "tags": {},
                "throughput": 125,
                "volume_id": "vol-06d619cd2cf224183",
                "volume_size": 8,
                "volume_type": "gp3"
              }
            ],
            "secondary_private_ips": [],
            "security_groups": [],
            "source_dest_check": true,
            "spot_instance_request_id": "",
            "subnet_id": "subnet-006d6da9de819f82d",
            "tags": {
              "Name": "test-demo-ec2"
            },
            "tags_all": {
              "Name": "test-demo-ec2"
            },
            "tenancy": "default",
            "timeouts": null,
            "user_data": null,
            "user_data_base64": null,
            "user_data_replace_on_change": false,
            "volume_tags": null,
            "vpc_security_group_ids": [
              "sg-08b96bdd86b06646b"
            ]
          },
          "sensitive_attributes": [],
          "private": "eyJlMmJmYjczMC1lY2FhLTExZTYtOGY4OC0zNDM2M2JjN2M0YzAiOnsiY3JlYXRlIjo2MDAwMDAwMDAwMDAsImRlbGV0ZSI6MTIwMDAwMDAwMDAwMCwidXBkYXRlIjo2MDAwMDAwMDAwMDB9LCJzY2hlbWFfdmVyc2lvbiI6IjEifQ==",
          "dependencies": [
            "aws_security_group.test_demo",
            "aws_subnet.test_demo",
            "aws_vpc.test_demo"
          ]
        }
      ]
    },
    {
      "mode": "managed",
      "type": "aws_internet_gateway",
      "name": "test_demo",
      "provider": "provider[\"registry.terraform.io/hashicorp/aws\"]",
      "instances": [
        {
          "schema_version": 0,
          "attributes": {
            "arn": "arn:aws:ec2:ap-northeast-1:075140246822:internet-gateway/igw-0520744276606458b",
            "id": "igw-0520744276606458b",
            "owner_id": "075140246822",
            "tags": {
              "Name": "test-demo-igw"
            },
            "tags_all": {
              "Name": "test-demo-igw"
            },
            "timeouts": null,
            "vpc_id": "vpc-0669174c55b27b1e7"
          },
          "sensitive_attributes": [],
          "private": "eyJlMmJmYjczMC1lY2FhLTExZTYtOGY4OC0zNDM2M2JjN2M0YzAiOnsiY3JlYXRlIjoxMjAwMDAwMDAwMDAwLCJkZWxldGUiOjEyMDAwMDAwMDAwMDAsInVwZGF0ZSI6MTIwMDAwMDAwMDAwMH19",
          "dependencies": [
            "aws_vpc.test_demo"
          ]
        }
      ]
    },
    {
      "mode": "managed",
      "type": "aws_key_pair",
      "name": "test_demo",
      "provider": "provider[\"registry.terraform.io/hashicorp/aws\"]",
      "instances": [
        {
          "schema_version": 1,
          "attributes": {
            "arn": "arn:aws:ec2:ap-northeast-1:075140246822:key-pair/test-demo",
            "fingerprint": "29:bb:c0:57:4c:5d:0f:e1:c0:5c:3d:bb:93:d2:5c:ca",
            "id": "test-demo",
            "key_name": "test-demo",
            "key_name_prefix": "",
            "key_pair_id": "key-021f865fd81725be2",
            "key_type": "rsa",
            "public_key": "ssh-rsa AAAAB3NzaC1yc2EAAAADAQABAAABAQC/SgOp9Z9s4wWQvVzE596Lg7jaMq407yGXlKiTkXkWkNmnf6tCPw9DQ77/eF64zMcvEolF/Qq082Dx7yRbGfGoCCXDQoOWLpbKXmXJkjQu0TkiqLiTZDuvuJ3EKBoKNXlGyVlZebWrlWA11D2foiSr6ERFaaw03OOz6ckSrVkiapIsvhlrqJwqKYEONc46HPwEpK8b0MYMzq6So1bjMOcDm3AoJZI/3TALsnZUEloQKLiy0BzgxHUWslHkuQDoGbMAA9laM9PVDldMWC7YT4RC3mwCJ00RLsLDdW4YXoa/iuykPJAq5Pk7PT186EiQAsKg1GP3dbAyBERGYqALGkt5",
            "tags": null,
            "tags_all": {}
          },
          "sensitive_attributes": [],
          "private": "eyJzY2hlbWFfdmVyc2lvbiI6IjEifQ==",
          "dependencies": [
            "tls_private_key.test_demo_key"
          ]
        }
      ]
    },
    {
      "mode": "managed",
      "type": "aws_route_table",
      "name": "test_demo",
      "provider": "provider[\"registry.terraform.io/hashicorp/aws\"]",
      "instances": [
        {
          "schema_version": 0,
          "attributes": {
            "arn": "arn:aws:ec2:ap-northeast-1:075140246822:route-table/rtb-034eeacd82f9874fb",
            "id": "rtb-034eeacd82f9874fb",
            "owner_id": "075140246822",
            "propagating_vgws": [],
            "route": [
              {
                "carrier_gateway_id": "",
                "cidr_block": "0.0.0.0/0",
                "core_network_arn": "",
                "destination_prefix_list_id": "",
                "egress_only_gateway_id": "",
                "gateway_id": "igw-0520744276606458b",
                "ipv6_cidr_block": "",
                "local_gateway_id": "",
                "nat_gateway_id": "",
                "network_interface_id": "",
                "transit_gateway_id": "",
                "vpc_endpoint_id": "",
                "vpc_peering_connection_id": ""
              }
            ],
            "tags": {
              "Name": "test-demo-public-rt"
            },
            "tags_all": {
              "Name": "test-demo-public-rt"
            },
            "timeouts": null,
            "vpc_id": "vpc-0669174c55b27b1e7"
          },
          "sensitive_attributes": [],
          "private": "eyJlMmJmYjczMC1lY2FhLTExZTYtOGY4OC0zNDM2M2JjN2M0YzAiOnsiY3JlYXRlIjozMDAwMDAwMDAwMDAsImRlbGV0ZSI6MzAwMDAwMDAwMDAwLCJ1cGRhdGUiOjEyMDAwMDAwMDAwMH19",
          "dependencies": [
            "aws_internet_gateway.test_demo",
            "aws_vpc.test_demo"
          ]
        }
      ]
    },
    {
      "mode": "managed",
      "type": "aws_route_table_association",
      "name": "test_demo",
      "provider": "provider[\"registry.terraform.io/hashicorp/aws\"]",
      "instances": [
        {
          "schema_version": 0,
          "attributes": {
            "gateway_id": "",
            "id": "rtbassoc-085d46a0543be7a18",
            "route_table_id": "rtb-034eeacd82f9874fb",
            "subnet_id": "subnet-006d6da9de819f82d",
            "timeouts": null
          },
          "sensitive_attributes": [],
          "private": "eyJlMmJmYjczMC1lY2FhLTExZTYtOGY4OC0zNDM2M2JjN2M0YzAiOnsiY3JlYXRlIjozMDAwMDAwMDAwMDAsImRlbGV0ZSI6MzAwMDAwMDAwMDAwLCJ1cGRhdGUiOjEyMDAwMDAwMDAwMH19",
          "dependencies": [
            "aws_internet_gateway.test_demo",
            "aws_route_table.test_demo",
            "aws_subnet.test_demo",
            "aws_vpc.test_demo"
          ]
        }
      ]
    },
    {
      "mode": "managed",
      "type": "aws_security_group",
      "name": "test_demo",
      "provider": "provider[\"registry.terraform.io/hashicorp/aws\"]",
      "instances": [
        {
          "schema_version": 1,
          "attributes": {
            "arn": "arn:aws:ec2:ap-northeast-1:075140246822:security-group/sg-08b96bdd86b06646b",
            "description": "For EC2 Linux",
            "egress": [
              {
                "cidr_blocks": [
                  "0.0.0.0/0"
                ],
                "description": "",
                "from_port": 0,
                "ipv6_cidr_blocks": [],
                "prefix_list_ids": [],
                "protocol": "-1",
                "security_groups": [],
                "self": false,
                "to_port": 0
              }
            ],
            "id": "sg-08b96bdd86b06646b",
            "ingress": [
              {
                "cidr_blocks": [
                  "0.0.0.0/0"
                ],
                "description": "",
                "from_port": 22,
                "ipv6_cidr_blocks": [],
                "prefix_list_ids": [],
                "protocol": "tcp",
                "security_groups": [],
                "self": false,
                "to_port": 22
              },
              {
                "cidr_blocks": [
                  "0.0.0.0/0"
                ],
                "description": "",
                "from_port": 80,
                "ipv6_cidr_blocks": [],
                "prefix_list_ids": [],
                "protocol": "tcp",
                "security_groups": [],
                "self": false,
                "to_port": 80
              }
            ],
            "name": "test_demo",
            "name_prefix": "",
            "owner_id": "075140246822",
            "revoke_rules_on_delete": false,
            "tags": {
              "Name": "test-demo"
            },
            "tags_all": {
              "Name": "test-demo"
            },
            "timeouts": null,
            "vpc_id": "vpc-0669174c55b27b1e7"
          },
          "sensitive_attributes": [],
          "private": "eyJlMmJmYjczMC1lY2FhLTExZTYtOGY4OC0zNDM2M2JjN2M0YzAiOnsiY3JlYXRlIjo2MDAwMDAwMDAwMDAsImRlbGV0ZSI6OTAwMDAwMDAwMDAwfSwic2NoZW1hX3ZlcnNpb24iOiIxIn0=",
          "dependencies": [
            "aws_vpc.test_demo"
          ]
        }
      ]
    },
    {
      "mode": "managed",
      "type": "aws_subnet",
      "name": "test_demo",
      "provider": "provider[\"registry.terraform.io/hashicorp/aws\"]",
      "instances": [
        {
          "schema_version": 1,
          "attributes": {
            "arn": "arn:aws:ec2:ap-northeast-1:075140246822:subnet/subnet-006d6da9de819f82d",
            "assign_ipv6_address_on_creation": false,
            "availability_zone": "ap-northeast-1a",
            "availability_zone_id": "apne1-az4",
            "cidr_block": "10.0.0.0/25",
            "customer_owned_ipv4_pool": "",
            "enable_dns64": false,
            "enable_lni_at_device_index": 0,
            "enable_resource_name_dns_a_record_on_launch": false,
            "enable_resource_name_dns_aaaa_record_on_launch": false,
            "id": "subnet-006d6da9de819f82d",
            "ipv6_cidr_block": "",
            "ipv6_cidr_block_association_id": "",
            "ipv6_native": false,
            "map_customer_owned_ip_on_launch": false,
            "map_public_ip_on_launch": false,
            "outpost_arn": "",
            "owner_id": "075140246822",
            "private_dns_hostname_type_on_launch": "ip-name",
            "tags": {
              "Name": "test-demo-subnet"
            },
            "tags_all": {
              "Name": "test-demo-subnet"
            },
            "timeouts": null,
            "vpc_id": "vpc-0669174c55b27b1e7"
          },
          "sensitive_attributes": [],
          "private": "eyJlMmJmYjczMC1lY2FhLTExZTYtOGY4OC0zNDM2M2JjN2M0YzAiOnsiY3JlYXRlIjo2MDAwMDAwMDAwMDAsImRlbGV0ZSI6MTIwMDAwMDAwMDAwMH0sInNjaGVtYV92ZXJzaW9uIjoiMSJ9",
          "dependencies": [
            "aws_vpc.test_demo"
          ]
        }
      ]
    },
    {
      "mode": "managed",
      "type": "aws_vpc",
      "name": "test_demo",
      "provider": "provider[\"registry.terraform.io/hashicorp/aws\"]",
      "instances": [
        {
          "schema_version": 1,
          "attributes": {
            "arn": "arn:aws:ec2:ap-northeast-1:075140246822:vpc/vpc-0669174c55b27b1e7",
            "assign_generated_ipv6_cidr_block": false,
            "cidr_block": "10.0.0.0/24",
            "default_network_acl_id": "acl-0ecc391ed2486cae3",
            "default_route_table_id": "rtb-000d024dcdf95973f",
            "default_security_group_id": "sg-07a2adc4083724ea9",
            "dhcp_options_id": "dopt-0e5c2e9c6247ac9c0",
            "enable_dns_hostnames": true,
            "enable_dns_support": true,
            "enable_network_address_usage_metrics": false,
            "id": "vpc-0669174c55b27b1e7",
            "instance_tenancy": "default",
            "ipv4_ipam_pool_id": null,
            "ipv4_netmask_length": null,
            "ipv6_association_id": "",
            "ipv6_cidr_block": "",
            "ipv6_cidr_block_network_border_group": "",
            "ipv6_ipam_pool_id": "",
            "ipv6_netmask_length": 0,
            "main_route_table_id": "rtb-000d024dcdf95973f",
            "owner_id": "075140246822",
            "tags": {
              "Name": "test-demo-vpc"
            },
            "tags_all": {
              "Name": "test-demo-vpc"
            }
          },
          "sensitive_attributes": [],
          "private": "eyJzY2hlbWFfdmVyc2lvbiI6IjEifQ=="
        }
      ]
    },
    {
      "mode": "managed",
      "type": "local_file",
      "name": "test_demo_key_pem",
      "provider": "provider[\"registry.terraform.io/hashicorp/local\"]",
      "instances": [
        {
          "schema_version": 0,
          "attributes": {
            "content": "-----BEGIN RSA PRIVATE KEY-----\nMIIEpAIBAAKCAQEAv0oDqfWfbOMFkL1cxOfei4O42jKuNO8hl5Sok5F5FpDZp3+r\nQj8PQ0O+/3heuMzHLxKJRf0KtPNg8e8kWxnxqAglw0KDli6Wyl5lyZI0LtE5Iqi4\nk2Q7r7idxCgaCjV5RslZWXm1q5VgNdQ9n6Ikq+hERWmsNNzjs+nJEq1ZImqSLL4Z\na6icKimBDjXOOhz8BKSvG9DGDM6ukqNW4zDnA5twKCWSP90wC7J2VBJaECi4stAc\n4MR1FrJR5LkA6BmzAAPZWjPT1Q5XTFgu2E+EQt5sAidNES7Cw3VuGF6Gv4rspDyQ\nKuT5Oz09fOhIkALCoNRj93WwMgRERmKgCxpLeQIDAQABAoIBAQCmgi/URulCaA8V\nIbBZ+he+y6ch0BHSJAHSp2ViJrQHj4jWg4w4uxl3DMZ6LHYPWLldYT46vPwP7PaL\nQgYcguXWxVjRsdlG5kD94NOrdWeVBSw93i3kptBJsmMqN1oLXua1Vlk/SHF57Sn1\nUU1e4k4XkbOz1DtBPLG8jxkm99vp1uaPrSo8AdBQAGiUXHYeoBb/BQ+D62hK7gMB\nazqyRK4v6tI8MY8fMnHyOyfljQTknu475ZQtzL/UuyKcIyYrFIgiuqXn6Wns+Gbv\nW09MnEAi8OagK3ogrDvcavQ1y+bnKDeWtDXzZgUP2gvqnmy0I9Bc0KRDo+n8GJto\no5xX7rCBAoGBANEy5N1W78K39FUYUzrTZG2kPwM1MsepYSVtLYJJnDVtnqRjrrm9\nE2jKAZ0RBEo9GDRNDyGh84kdCB2AfJrmsF4Zfeeln4PmfdqixrZuv91MpeXPCVho\nUgAjR58msx6O1PrJLBrrLkiYwVvQgaj/X1T2iw/8NaWjnXSlhsbVd9KJAoGBAOoV\naF+vKP3E3V7hqgD8fcDXwZQBPfSF9mfWhOUDWH72wanCyW2lYCHf7NHGCGRfAR8B\nzdC/LXux9XRYuNYTdQeXuSO3ZD8+27dfsGCka+xzR3Au/O9lI7JbASi9ljkEYePX\nbieW6AvV1rSlp5MHXx8YP7Fmyv/MswU9X+vFoDVxAoGAYggedZaCvlWjuqiuf/eF\nrVd1a9RnGmdGLdquo8pI2ESpPdG0lDeFO+rFvMu3ne5pREEEITeaPxuKrQCD47bM\n2RvLA116lb3SJj13LxBQ+qwrZbiSYYppOsVNj8f70gsOxQK2l1q0ErL6kULxL7eT\n/eWWnwQKQ7ebVokm0lBAWTkCgYEAjH4IxNT2P0j2rEm4pRrlxuY3ssMEEkyM1Um1\nPVZCuQEUvvS/vGUzS2GAW28F/mfe3mNQyebUP5dRgGD3ntTSupnfboZVTnhFmst9\nqqNEewe9aqFpAa2sPRHNokwXa2Ur83mLDYvO/bt8P7Pk3aPg/WKqZ6kQUXLkR1LM\nzU8xlqECgYBTAhDs7humARzR8qD/nmpdIKgrOI/0nCT5hyaNP6Nesr1MJmPuRjYy\n5fMbijEFOyQkOQgeNaI0YOTlkiQZMqxOXGO0b6Cu2EuupzoQ8rKcD6zj2Dxor+YH\np/xR1dwARywK4yU8bqREGI3rHEimCm/j9+aTYqKYh1JP8Bmwfg3uUA==\n-----END RSA PRIVATE KEY-----\n",
            "content_base64": null,
            "content_base64sha256": "Pt+Icvx0svdPtyLNjcf1AhadKBJ6HRlc7s2wLTfQosY=",
            "content_base64sha512": "wd6siZ3WldRNFtmmUzR7BDje4q3yCdU7alNcNtU7BTb7BQ9967pW6ynKXChoDYk+hN9HBqDuzX4q+5MdHdeWNQ==",
            "content_md5": "6a32d868e8d4e6e0c332d665b3424148",
            "content_sha1": "d38492b4f1151177c0014cc6b603559b1ccbca06",
            "content_sha256": "3edf8872fc74b2f74fb722cd8dc7f502169d28127a1d195ceecdb02d37d0a2c6",
            "content_sha512": "c1deac899dd695d44d16d9a653347b0438dee2adf209d53b6a535c36d53b0536fb050f7debba56eb29ca5c28680d893e84df4706a0eecd7e2afb931d1dd79635",
            "directory_permission": "0777",
            "file_permission": "0777",
            "filename": "./test-demo.id_rsa",
            "id": "d38492b4f1151177c0014cc6b603559b1ccbca06",
            "sensitive_content": null,
            "source": null
          },
          "sensitive_attributes": [
            [
              {
                "type": "get_attr",
                "value": "content"
              }
            ]
          ],
          "dependencies": [
            "tls_private_key.test_demo_key"
          ]
        }
      ]
    },
    {
      "mode": "managed",
      "type": "tls_private_key",
      "name": "test_demo_key",
      "provider": "provider[\"registry.terraform.io/hashicorp/tls\"]",
      "instances": [
        {
          "schema_version": 1,
          "attributes": {
            "algorithm": "RSA",
            "ecdsa_curve": "P224",
            "id": "6398b3dcb3bcd7e381c35ae3c006654eac5d6a38",
            "private_key_openssh": "-----BEGIN OPENSSH PRIVATE KEY-----\nb3BlbnNzaC1rZXktdjEAAAAABG5vbmUAAAAEbm9uZQAAAAAAAAABAAABFwAAAAdz\nc2gtcnNhAAAAAwEAAQAAAQEAv0oDqfWfbOMFkL1cxOfei4O42jKuNO8hl5Sok5F5\nFpDZp3+rQj8PQ0O+/3heuMzHLxKJRf0KtPNg8e8kWxnxqAglw0KDli6Wyl5lyZI0\nLtE5Iqi4k2Q7r7idxCgaCjV5RslZWXm1q5VgNdQ9n6Ikq+hERWmsNNzjs+nJEq1Z\nImqSLL4Za6icKimBDjXOOhz8BKSvG9DGDM6ukqNW4zDnA5twKCWSP90wC7J2VBJa\nECi4stAc4MR1FrJR5LkA6BmzAAPZWjPT1Q5XTFgu2E+EQt5sAidNES7Cw3VuGF6G\nv4rspDyQKuT5Oz09fOhIkALCoNRj93WwMgRERmKgCxpLeQAAA7gChhkyAoYZMgAA\nAAdzc2gtcnNhAAABAQC/SgOp9Z9s4wWQvVzE596Lg7jaMq407yGXlKiTkXkWkNmn\nf6tCPw9DQ77/eF64zMcvEolF/Qq082Dx7yRbGfGoCCXDQoOWLpbKXmXJkjQu0Tki\nqLiTZDuvuJ3EKBoKNXlGyVlZebWrlWA11D2foiSr6ERFaaw03OOz6ckSrVkiapIs\nvhlrqJwqKYEONc46HPwEpK8b0MYMzq6So1bjMOcDm3AoJZI/3TALsnZUEloQKLiy\n0BzgxHUWslHkuQDoGbMAA9laM9PVDldMWC7YT4RC3mwCJ00RLsLDdW4YXoa/iuyk\nPJAq5Pk7PT186EiQAsKg1GP3dbAyBERGYqALGkt5AAAAAwEAAQAAAQEApoIv1Ebp\nQmgPFSGwWfoXvsunIdAR0iQB0qdlYia0B4+I1oOMOLsZdwzGeix2D1i5XWE+Orz8\nD+z2i0IGHILl1sVY0bHZRuZA/eDTq3VnlQUsPd4t5KbQSbJjKjdaC17mtVZZP0hx\nee0p9VFNXuJOF5Gzs9Q7QTyxvI8ZJvfb6dbmj60qPAHQUABolFx2HqAW/wUPg+to\nSu4DAWs6skSuL+rSPDGPHzJx8jsn5Y0E5J7uO+WULcy/1LsinCMmKxSIIrql5+lp\n7Phm71tPTJxAIvDmoCt6IKw73Gr0Ncvm5yg3lrQ182YFD9oL6p5stCPQXNCkQ6Pp\n/BibaKOcV+6wgQAAAIBTAhDs7humARzR8qD/nmpdIKgrOI/0nCT5hyaNP6Nesr1M\nJmPuRjYy5fMbijEFOyQkOQgeNaI0YOTlkiQZMqxOXGO0b6Cu2EuupzoQ8rKcD6zj\n2Dxor+YHp/xR1dwARywK4yU8bqREGI3rHEimCm/j9+aTYqKYh1JP8Bmwfg3uUAAA\nAIEA0TLk3Vbvwrf0VRhTOtNkbaQ/AzUyx6lhJW0tgkmcNW2epGOuub0TaMoBnREE\nSj0YNE0PIaHziR0IHYB8muawXhl956Wfg+Z92qLGtm6/3Uyl5c8JWGhSACNHnyaz\nHo7U+sksGusuSJjBW9CBqP9fVPaLD/w1paOddKWGxtV30okAAACBAOoVaF+vKP3E\n3V7hqgD8fcDXwZQBPfSF9mfWhOUDWH72wanCyW2lYCHf7NHGCGRfAR8BzdC/LXux\n9XRYuNYTdQeXuSO3ZD8+27dfsGCka+xzR3Au/O9lI7JbASi9ljkEYePXbieW6AvV\n1rSlp5MHXx8YP7Fmyv/MswU9X+vFoDVxAAAAAAEC\n-----END OPENSSH PRIVATE KEY-----\n",
            "private_key_pem": "-----BEGIN RSA PRIVATE KEY-----\nMIIEpAIBAAKCAQEAv0oDqfWfbOMFkL1cxOfei4O42jKuNO8hl5Sok5F5FpDZp3+r\nQj8PQ0O+/3heuMzHLxKJRf0KtPNg8e8kWxnxqAglw0KDli6Wyl5lyZI0LtE5Iqi4\nk2Q7r7idxCgaCjV5RslZWXm1q5VgNdQ9n6Ikq+hERWmsNNzjs+nJEq1ZImqSLL4Z\na6icKimBDjXOOhz8BKSvG9DGDM6ukqNW4zDnA5twKCWSP90wC7J2VBJaECi4stAc\n4MR1FrJR5LkA6BmzAAPZWjPT1Q5XTFgu2E+EQt5sAidNES7Cw3VuGF6Gv4rspDyQ\nKuT5Oz09fOhIkALCoNRj93WwMgRERmKgCxpLeQIDAQABAoIBAQCmgi/URulCaA8V\nIbBZ+he+y6ch0BHSJAHSp2ViJrQHj4jWg4w4uxl3DMZ6LHYPWLldYT46vPwP7PaL\nQgYcguXWxVjRsdlG5kD94NOrdWeVBSw93i3kptBJsmMqN1oLXua1Vlk/SHF57Sn1\nUU1e4k4XkbOz1DtBPLG8jxkm99vp1uaPrSo8AdBQAGiUXHYeoBb/BQ+D62hK7gMB\nazqyRK4v6tI8MY8fMnHyOyfljQTknu475ZQtzL/UuyKcIyYrFIgiuqXn6Wns+Gbv\nW09MnEAi8OagK3ogrDvcavQ1y+bnKDeWtDXzZgUP2gvqnmy0I9Bc0KRDo+n8GJto\no5xX7rCBAoGBANEy5N1W78K39FUYUzrTZG2kPwM1MsepYSVtLYJJnDVtnqRjrrm9\nE2jKAZ0RBEo9GDRNDyGh84kdCB2AfJrmsF4Zfeeln4PmfdqixrZuv91MpeXPCVho\nUgAjR58msx6O1PrJLBrrLkiYwVvQgaj/X1T2iw/8NaWjnXSlhsbVd9KJAoGBAOoV\naF+vKP3E3V7hqgD8fcDXwZQBPfSF9mfWhOUDWH72wanCyW2lYCHf7NHGCGRfAR8B\nzdC/LXux9XRYuNYTdQeXuSO3ZD8+27dfsGCka+xzR3Au/O9lI7JbASi9ljkEYePX\nbieW6AvV1rSlp5MHXx8YP7Fmyv/MswU9X+vFoDVxAoGAYggedZaCvlWjuqiuf/eF\nrVd1a9RnGmdGLdquo8pI2ESpPdG0lDeFO+rFvMu3ne5pREEEITeaPxuKrQCD47bM\n2RvLA116lb3SJj13LxBQ+qwrZbiSYYppOsVNj8f70gsOxQK2l1q0ErL6kULxL7eT\n/eWWnwQKQ7ebVokm0lBAWTkCgYEAjH4IxNT2P0j2rEm4pRrlxuY3ssMEEkyM1Um1\nPVZCuQEUvvS/vGUzS2GAW28F/mfe3mNQyebUP5dRgGD3ntTSupnfboZVTnhFmst9\nqqNEewe9aqFpAa2sPRHNokwXa2Ur83mLDYvO/bt8P7Pk3aPg/WKqZ6kQUXLkR1LM\nzU8xlqECgYBTAhDs7humARzR8qD/nmpdIKgrOI/0nCT5hyaNP6Nesr1MJmPuRjYy\n5fMbijEFOyQkOQgeNaI0YOTlkiQZMqxOXGO0b6Cu2EuupzoQ8rKcD6zj2Dxor+YH\np/xR1dwARywK4yU8bqREGI3rHEimCm/j9+aTYqKYh1JP8Bmwfg3uUA==\n-----END RSA PRIVATE KEY-----\n",
            "private_key_pem_pkcs8": "-----BEGIN PRIVATE KEY-----\nMIIEvgIBADANBgkqhkiG9w0BAQEFAASCBKgwggSkAgEAAoIBAQC/SgOp9Z9s4wWQ\nvVzE596Lg7jaMq407yGXlKiTkXkWkNmnf6tCPw9DQ77/eF64zMcvEolF/Qq082Dx\n7yRbGfGoCCXDQoOWLpbKXmXJkjQu0TkiqLiTZDuvuJ3EKBoKNXlGyVlZebWrlWA1\n1D2foiSr6ERFaaw03OOz6ckSrVkiapIsvhlrqJwqKYEONc46HPwEpK8b0MYMzq6S\no1bjMOcDm3AoJZI/3TALsnZUEloQKLiy0BzgxHUWslHkuQDoGbMAA9laM9PVDldM\nWC7YT4RC3mwCJ00RLsLDdW4YXoa/iuykPJAq5Pk7PT186EiQAsKg1GP3dbAyBERG\nYqALGkt5AgMBAAECggEBAKaCL9RG6UJoDxUhsFn6F77LpyHQEdIkAdKnZWImtAeP\niNaDjDi7GXcMxnosdg9YuV1hPjq8/A/s9otCBhyC5dbFWNGx2UbmQP3g06t1Z5UF\nLD3eLeSm0EmyYyo3Wgte5rVWWT9IcXntKfVRTV7iTheRs7PUO0E8sbyPGSb32+nW\n5o+tKjwB0FAAaJRcdh6gFv8FD4PraEruAwFrOrJEri/q0jwxjx8ycfI7J+WNBOSe\n7jvllC3Mv9S7IpwjJisUiCK6pefpaez4Zu9bT0ycQCLw5qAreiCsO9xq9DXL5uco\nN5a0NfNmBQ/aC+qebLQj0FzQpEOj6fwYm2ijnFfusIECgYEA0TLk3Vbvwrf0VRhT\nOtNkbaQ/AzUyx6lhJW0tgkmcNW2epGOuub0TaMoBnREESj0YNE0PIaHziR0IHYB8\nmuawXhl956Wfg+Z92qLGtm6/3Uyl5c8JWGhSACNHnyazHo7U+sksGusuSJjBW9CB\nqP9fVPaLD/w1paOddKWGxtV30okCgYEA6hVoX68o/cTdXuGqAPx9wNfBlAE99IX2\nZ9aE5QNYfvbBqcLJbaVgId/s0cYIZF8BHwHN0L8te7H1dFi41hN1B5e5I7dkPz7b\nt1+wYKRr7HNHcC7872UjslsBKL2WOQRh49duJ5boC9XWtKWnkwdfHxg/sWbK/8yz\nBT1f68WgNXECgYBiCB51loK+VaO6qK5/94WtV3Vr1GcaZ0Yt2q6jykjYRKk90bSU\nN4U76sW8y7ed7mlEQQQhN5o/G4qtAIPjtszZG8sDXXqVvdImPXcvEFD6rCtluJJh\nimk6xU2Px/vSCw7FAraXWrQSsvqRQvEvt5P95ZafBApDt5tWiSbSUEBZOQKBgQCM\nfgjE1PY/SPasSbilGuXG5jeywwQSTIzVSbU9VkK5ARS+9L+8ZTNLYYBbbwX+Z97e\nY1DJ5tQ/l1GAYPee1NK6md9uhlVOeEWay32qo0R7B71qoWkBraw9Ec2iTBdrZSvz\neYsNi879u3w/s+Tdo+D9YqpnqRBRcuRHUszNTzGWoQKBgFMCEOzuG6YBHNHyoP+e\nal0gqCs4j/ScJPmHJo0/o16yvUwmY+5GNjLl8xuKMQU7JCQ5CB41ojRg5OWSJBky\nrE5cY7RvoK7YS66nOhDyspwPrOPYPGiv5gen/FHV3ABHLArjJTxupEQYjescSKYK\nb+P35pNiopiHUk/wGbB+De5Q\n-----END PRIVATE KEY-----\n",
            "public_key_fingerprint_md5": "05:ed:fc:83:a0:94:40:7b:6f:79:89:6c:f1:7a:4f:f3",
            "public_key_fingerprint_sha256": "SHA256:oAaP1zdu/4CG0FpgOhyT8NvOJq3Q3H3fsboMxMqz5rw",
            "public_key_openssh": "ssh-rsa AAAAB3NzaC1yc2EAAAADAQABAAABAQC/SgOp9Z9s4wWQvVzE596Lg7jaMq407yGXlKiTkXkWkNmnf6tCPw9DQ77/eF64zMcvEolF/Qq082Dx7yRbGfGoCCXDQoOWLpbKXmXJkjQu0TkiqLiTZDuvuJ3EKBoKNXlGyVlZebWrlWA11D2foiSr6ERFaaw03OOz6ckSrVkiapIsvhlrqJwqKYEONc46HPwEpK8b0MYMzq6So1bjMOcDm3AoJZI/3TALsnZUEloQKLiy0BzgxHUWslHkuQDoGbMAA9laM9PVDldMWC7YT4RC3mwCJ00RLsLDdW4YXoa/iuykPJAq5Pk7PT186EiQAsKg1GP3dbAyBERGYqALGkt5\n",
            "public_key_pem": "-----BEGIN PUBLIC KEY-----\nMIIBIjANBgkqhkiG9w0BAQEFAAOCAQ8AMIIBCgKCAQEAv0oDqfWfbOMFkL1cxOfe\ni4O42jKuNO8hl5Sok5F5FpDZp3+rQj8PQ0O+/3heuMzHLxKJRf0KtPNg8e8kWxnx\nqAglw0KDli6Wyl5lyZI0LtE5Iqi4k2Q7r7idxCgaCjV5RslZWXm1q5VgNdQ9n6Ik\nq+hERWmsNNzjs+nJEq1ZImqSLL4Za6icKimBDjXOOhz8BKSvG9DGDM6ukqNW4zDn\nA5twKCWSP90wC7J2VBJaECi4stAc4MR1FrJR5LkA6BmzAAPZWjPT1Q5XTFgu2E+E\nQt5sAidNES7Cw3VuGF6Gv4rspDyQKuT5Oz09fOhIkALCoNRj93WwMgRERmKgCxpL\neQIDAQAB\n-----END PUBLIC KEY-----\n",
            "rsa_bits": 2048
          },
          "sensitive_attributes": []
        }
      ]
    }
  ],
  "check_results": null
}
